// !$*UTF8*$!
{
	archiveVersion = 1;
	classes = {
	};
	objectVersion = 56;
	objects = {

/* Begin PBXBuildFile section */
		26C90C8AE54E3D4705399A2A /* Pods_Messenger.framework in Frameworks */ = {isa = PBXBuildFile; fileRef = 79399B37D00D1BB2FCDB683F /* Pods_Messenger.framework */; };
		D1135606292B65A600F2327D /* StorageManager.swift in Sources */ = {isa = PBXBuildFile; fileRef = D1135605292B65A600F2327D /* StorageManager.swift */; };
		D14ECE8E2982594000A9B00C /* MapViewController.swift in Sources */ = {isa = PBXBuildFile; fileRef = D14ECE8D2982594000A9B00C /* MapViewController.swift */; };
		D17AC8AC292B5C6D00A9B29F /* ChatViewController.swift in Sources */ = {isa = PBXBuildFile; fileRef = D17AC8AB292B5C6D00A9B29F /* ChatViewController.swift */; };
		D17FF06C292DE9B300E4B860 /* ConversationTableViewCell.swift in Sources */ = {isa = PBXBuildFile; fileRef = D17FF06B292DE9B300E4B860 /* ConversationTableViewCell.swift */; };
		D1A168542927E95100421F61 /* GoogleService-Info.plist in Resources */ = {isa = PBXBuildFile; fileRef = D1A168532927E95100421F61 /* GoogleService-Info.plist */; };
		D1A168562928149A00421F61 /* DatabaseManager.swift in Sources */ = {isa = PBXBuildFile; fileRef = D1A168552928149A00421F61 /* DatabaseManager.swift */; };
		D1C2E14A292720B400DDA8CD /* AppDelegate.swift in Sources */ = {isa = PBXBuildFile; fileRef = D1C2E149292720B400DDA8CD /* AppDelegate.swift */; };
		D1C2E14C292720B400DDA8CD /* SceneDelegate.swift in Sources */ = {isa = PBXBuildFile; fileRef = D1C2E14B292720B400DDA8CD /* SceneDelegate.swift */; };
		D1C2E14E292720B400DDA8CD /* ConversationsViewController.swift in Sources */ = {isa = PBXBuildFile; fileRef = D1C2E14D292720B400DDA8CD /* ConversationsViewController.swift */; };
		D1C2E151292720B400DDA8CD /* Main.storyboard in Resources */ = {isa = PBXBuildFile; fileRef = D1C2E14F292720B400DDA8CD /* Main.storyboard */; };
		D1C2E153292720B500DDA8CD /* Assets.xcassets in Resources */ = {isa = PBXBuildFile; fileRef = D1C2E152292720B500DDA8CD /* Assets.xcassets */; };
		D1C2E156292720B500DDA8CD /* LaunchScreen.storyboard in Resources */ = {isa = PBXBuildFile; fileRef = D1C2E154292720B500DDA8CD /* LaunchScreen.storyboard */; };
		D1C2E16429272A0100DDA8CD /* LoginViewController.swift in Sources */ = {isa = PBXBuildFile; fileRef = D1C2E16329272A0100DDA8CD /* LoginViewController.swift */; };
		D1C2E16629272A0F00DDA8CD /* RegisterViewController.swift in Sources */ = {isa = PBXBuildFile; fileRef = D1C2E16529272A0F00DDA8CD /* RegisterViewController.swift */; };
		D1C2E16B29272A5000DDA8CD /* VideoPlayerViewController.swift in Sources */ = {isa = PBXBuildFile; fileRef = D1C2E16A29272A5000DDA8CD /* VideoPlayerViewController.swift */; };
		D1C2E16D29272A5B00DDA8CD /* PhotoViewerViewController.swift in Sources */ = {isa = PBXBuildFile; fileRef = D1C2E16C29272A5B00DDA8CD /* PhotoViewerViewController.swift */; };
		D1C2E16F29272A6700DDA8CD /* NewConversationViewController.swift in Sources */ = {isa = PBXBuildFile; fileRef = D1C2E16E29272A6700DDA8CD /* NewConversationViewController.swift */; };
		D1C2E17129272A7B00DDA8CD /* ProfileViewController.swift in Sources */ = {isa = PBXBuildFile; fileRef = D1C2E17029272A7B00DDA8CD /* ProfileViewController.swift */; };
		D1C2E174292749E100DDA8CD /* Extensions.swift in Sources */ = {isa = PBXBuildFile; fileRef = D1C2E173292749E100DDA8CD /* Extensions.swift */; };
		D1CC35AC2980F7D600E70840 /* NewConversationCell.swift in Sources */ = {isa = PBXBuildFile; fileRef = D1CC35AB2980F7D600E70840 /* NewConversationCell.swift */; };
/* End PBXBuildFile section */

/* Begin PBXFileReference section */
		120848ACEC18918B6DD27B26 /* Pods-Messenger.debug.xcconfig */ = {isa = PBXFileReference; includeInIndex = 1; lastKnownFileType = text.xcconfig; name = "Pods-Messenger.debug.xcconfig"; path = "Target Support Files/Pods-Messenger/Pods-Messenger.debug.xcconfig"; sourceTree = "<group>"; };
		79399B37D00D1BB2FCDB683F /* Pods_Messenger.framework */ = {isa = PBXFileReference; explicitFileType = wrapper.framework; includeInIndex = 0; path = Pods_Messenger.framework; sourceTree = BUILT_PRODUCTS_DIR; };
		A25436A00F3472525800E804 /* Pods-Messenger.release.xcconfig */ = {isa = PBXFileReference; includeInIndex = 1; lastKnownFileType = text.xcconfig; name = "Pods-Messenger.release.xcconfig"; path = "Target Support Files/Pods-Messenger/Pods-Messenger.release.xcconfig"; sourceTree = "<group>"; };
		D1135605292B65A600F2327D /* StorageManager.swift */ = {isa = PBXFileReference; lastKnownFileType = sourcecode.swift; path = StorageManager.swift; sourceTree = "<group>"; };
		D14ECE8D2982594000A9B00C /* MapViewController.swift */ = {isa = PBXFileReference; lastKnownFileType = sourcecode.swift; path = MapViewController.swift; sourceTree = "<group>"; };
		D17AC8AB292B5C6D00A9B29F /* ChatViewController.swift */ = {isa = PBXFileReference; lastKnownFileType = sourcecode.swift; path = ChatViewController.swift; sourceTree = "<group>"; };
		D17FF06B292DE9B300E4B860 /* ConversationTableViewCell.swift */ = {isa = PBXFileReference; lastKnownFileType = sourcecode.swift; path = ConversationTableViewCell.swift; sourceTree = "<group>"; };
		D1A168532927E95100421F61 /* GoogleService-Info.plist */ = {isa = PBXFileReference; fileEncoding = 4; lastKnownFileType = text.plist.xml; path = "GoogleService-Info.plist"; sourceTree = "<group>"; };
		D1A168552928149A00421F61 /* DatabaseManager.swift */ = {isa = PBXFileReference; lastKnownFileType = sourcecode.swift; path = DatabaseManager.swift; sourceTree = "<group>"; };
		D1C2E146292720B400DDA8CD /* Messenger.app */ = {isa = PBXFileReference; explicitFileType = wrapper.application; includeInIndex = 0; path = Messenger.app; sourceTree = BUILT_PRODUCTS_DIR; };
		D1C2E149292720B400DDA8CD /* AppDelegate.swift */ = {isa = PBXFileReference; lastKnownFileType = sourcecode.swift; path = AppDelegate.swift; sourceTree = "<group>"; };
		D1C2E14B292720B400DDA8CD /* SceneDelegate.swift */ = {isa = PBXFileReference; lastKnownFileType = sourcecode.swift; path = SceneDelegate.swift; sourceTree = "<group>"; };
		D1C2E14D292720B400DDA8CD /* ConversationsViewController.swift */ = {isa = PBXFileReference; lastKnownFileType = sourcecode.swift; path = ConversationsViewController.swift; sourceTree = "<group>"; };
		D1C2E150292720B400DDA8CD /* Base */ = {isa = PBXFileReference; lastKnownFileType = file.storyboard; name = Base; path = Base.lproj/Main.storyboard; sourceTree = "<group>"; };
		D1C2E152292720B500DDA8CD /* Assets.xcassets */ = {isa = PBXFileReference; lastKnownFileType = folder.assetcatalog; path = Assets.xcassets; sourceTree = "<group>"; };
		D1C2E155292720B500DDA8CD /* Base */ = {isa = PBXFileReference; lastKnownFileType = file.storyboard; name = Base; path = Base.lproj/LaunchScreen.storyboard; sourceTree = "<group>"; };
		D1C2E157292720B500DDA8CD /* Info.plist */ = {isa = PBXFileReference; lastKnownFileType = text.plist.xml; path = Info.plist; sourceTree = "<group>"; };
		D1C2E16329272A0100DDA8CD /* LoginViewController.swift */ = {isa = PBXFileReference; lastKnownFileType = sourcecode.swift; path = LoginViewController.swift; sourceTree = "<group>"; };
		D1C2E16529272A0F00DDA8CD /* RegisterViewController.swift */ = {isa = PBXFileReference; lastKnownFileType = sourcecode.swift; path = RegisterViewController.swift; sourceTree = "<group>"; };
		D1C2E16A29272A5000DDA8CD /* VideoPlayerViewController.swift */ = {isa = PBXFileReference; lastKnownFileType = sourcecode.swift; path = VideoPlayerViewController.swift; sourceTree = "<group>"; };
		D1C2E16C29272A5B00DDA8CD /* PhotoViewerViewController.swift */ = {isa = PBXFileReference; lastKnownFileType = sourcecode.swift; path = PhotoViewerViewController.swift; sourceTree = "<group>"; };
		D1C2E16E29272A6700DDA8CD /* NewConversationViewController.swift */ = {isa = PBXFileReference; lastKnownFileType = sourcecode.swift; path = NewConversationViewController.swift; sourceTree = "<group>"; };
		D1C2E17029272A7B00DDA8CD /* ProfileViewController.swift */ = {isa = PBXFileReference; lastKnownFileType = sourcecode.swift; path = ProfileViewController.swift; sourceTree = "<group>"; };
		D1C2E173292749E100DDA8CD /* Extensions.swift */ = {isa = PBXFileReference; lastKnownFileType = sourcecode.swift; path = Extensions.swift; sourceTree = "<group>"; };
		D1CC35AB2980F7D600E70840 /* NewConversationCell.swift */ = {isa = PBXFileReference; lastKnownFileType = sourcecode.swift; path = NewConversationCell.swift; sourceTree = "<group>"; };
/* End PBXFileReference section */

/* Begin PBXFrameworksBuildPhase section */
		D1C2E143292720B400DDA8CD /* Frameworks */ = {
			isa = PBXFrameworksBuildPhase;
			buildActionMask = 2147483647;
			files = (
				26C90C8AE54E3D4705399A2A /* Pods_Messenger.framework in Frameworks */,
			);
			runOnlyForDeploymentPostprocessing = 0;
		};
/* End PBXFrameworksBuildPhase section */

/* Begin PBXGroup section */
		D1C2E13D292720B400DDA8CD = {
			isa = PBXGroup;
			children = (
				D1C2E148292720B400DDA8CD /* Messenger */,
				D1C2E147292720B400DDA8CD /* Products */,
				F7EB480CE9CC07B1D85A3E0D /* Pods */,
				D38C403E45A535F8FC71D628 /* Frameworks */,
			);
			sourceTree = "<group>";
		};
		D1C2E147292720B400DDA8CD /* Products */ = {
			isa = PBXGroup;
			children = (
				D1C2E146292720B400DDA8CD /* Messenger.app */,
			);
			name = Products;
			sourceTree = "<group>";
		};
		D1C2E148292720B400DDA8CD /* Messenger */ = {
			isa = PBXGroup;
			children = (
				D1C2E161292722DA00DDA8CD /* Resources */,
				D1C2E160292722D400DDA8CD /* ViewModels */,
				D1C2E15F292722CF00DDA8CD /* Models */,
				D1C2E15E292722C900DDA8CD /* Views */,
				D1C2E15D292722C300DDA8CD /* Controllers */,
				D1C2E157292720B500DDA8CD /* Info.plist */,
				D1A168532927E95100421F61 /* GoogleService-Info.plist */,
			);
			path = Messenger;
			sourceTree = "<group>";
		};
		D1C2E15D292722C300DDA8CD /* Controllers */ = {
			isa = PBXGroup;
			children = (
				D1C2E14D292720B400DDA8CD /* ConversationsViewController.swift */,
				D1C2E17229272AF600DDA8CD /* Login */,
				D1C2E16A29272A5000DDA8CD /* VideoPlayerViewController.swift */,
				D1C2E16C29272A5B00DDA8CD /* PhotoViewerViewController.swift */,
				D1C2E16E29272A6700DDA8CD /* NewConversationViewController.swift */,
				D1C2E17029272A7B00DDA8CD /* ProfileViewController.swift */,
				D17AC8AB292B5C6D00A9B29F /* ChatViewController.swift */,
				D14ECE8D2982594000A9B00C /* MapViewController.swift */,
			);
			path = Controllers;
			sourceTree = "<group>";
		};
		D1C2E15E292722C900DDA8CD /* Views */ = {
			isa = PBXGroup;
			children = (
				D1C2E162292727B200DDA8CD /* Storyboards */,
				D1C2E152292720B500DDA8CD /* Assets.xcassets */,
				D17FF06B292DE9B300E4B860 /* ConversationTableViewCell.swift */,
				D1CC35AB2980F7D600E70840 /* NewConversationCell.swift */,
			);
			path = Views;
			sourceTree = "<group>";
		};
		D1C2E15F292722CF00DDA8CD /* Models */ = {
			isa = PBXGroup;
			children = (
			);
			path = Models;
			sourceTree = "<group>";
		};
		D1C2E160292722D400DDA8CD /* ViewModels */ = {
			isa = PBXGroup;
			children = (
			);
			path = ViewModels;
			sourceTree = "<group>";
		};
		D1C2E161292722DA00DDA8CD /* Resources */ = {
			isa = PBXGroup;
			children = (
				D1C2E149292720B400DDA8CD /* AppDelegate.swift */,
				D1C2E14B292720B400DDA8CD /* SceneDelegate.swift */,
				D1C2E173292749E100DDA8CD /* Extensions.swift */,
				D1A168552928149A00421F61 /* DatabaseManager.swift */,
				D1135605292B65A600F2327D /* StorageManager.swift */,
			);
			path = Resources;
			sourceTree = "<group>";
		};
		D1C2E162292727B200DDA8CD /* Storyboards */ = {
			isa = PBXGroup;
			children = (
				D1C2E14F292720B400DDA8CD /* Main.storyboard */,
				D1C2E154292720B500DDA8CD /* LaunchScreen.storyboard */,
			);
			path = Storyboards;
			sourceTree = "<group>";
		};
		D1C2E17229272AF600DDA8CD /* Login */ = {
			isa = PBXGroup;
			children = (
				D1C2E16329272A0100DDA8CD /* LoginViewController.swift */,
				D1C2E16529272A0F00DDA8CD /* RegisterViewController.swift */,
			);
			path = Login;
			sourceTree = "<group>";
		};
		D38C403E45A535F8FC71D628 /* Frameworks */ = {
			isa = PBXGroup;
			children = (
				79399B37D00D1BB2FCDB683F /* Pods_Messenger.framework */,
			);
			name = Frameworks;
			sourceTree = "<group>";
		};
		F7EB480CE9CC07B1D85A3E0D /* Pods */ = {
			isa = PBXGroup;
			children = (
				120848ACEC18918B6DD27B26 /* Pods-Messenger.debug.xcconfig */,
				A25436A00F3472525800E804 /* Pods-Messenger.release.xcconfig */,
			);
			path = Pods;
			sourceTree = "<group>";
		};
/* End PBXGroup section */

/* Begin PBXNativeTarget section */
		D1C2E145292720B400DDA8CD /* Messenger */ = {
			isa = PBXNativeTarget;
			buildConfigurationList = D1C2E15A292720B500DDA8CD /* Build configuration list for PBXNativeTarget "Messenger" */;
			buildPhases = (
				248A776CC82126BA6393B965 /* [CP] Check Pods Manifest.lock */,
				D1C2E142292720B400DDA8CD /* Sources */,
				D1C2E143292720B400DDA8CD /* Frameworks */,
				D1C2E144292720B400DDA8CD /* Resources */,
				0FE5BC662469F14BA63332C2 /* [CP] Embed Pods Frameworks */,
			);
			buildRules = (
			);
			dependencies = (
			);
			name = Messenger;
			productName = Messenger;
			productReference = D1C2E146292720B400DDA8CD /* Messenger.app */;
			productType = "com.apple.product-type.application";
		};
/* End PBXNativeTarget section */

/* Begin PBXProject section */
		D1C2E13E292720B400DDA8CD /* Project object */ = {
			isa = PBXProject;
			attributes = {
				BuildIndependentTargetsInParallel = 1;
				LastSwiftUpdateCheck = 1410;
				LastUpgradeCheck = 1410;
				TargetAttributes = {
					D1C2E145292720B400DDA8CD = {
						CreatedOnToolsVersion = 14.1;
					};
				};
			};
			buildConfigurationList = D1C2E141292720B400DDA8CD /* Build configuration list for PBXProject "Messenger" */;
			compatibilityVersion = "Xcode 14.0";
			developmentRegion = en;
			hasScannedForEncodings = 0;
			knownRegions = (
				en,
				Base,
			);
			mainGroup = D1C2E13D292720B400DDA8CD;
			productRefGroup = D1C2E147292720B400DDA8CD /* Products */;
			projectDirPath = "";
			projectRoot = "";
			targets = (
				D1C2E145292720B400DDA8CD /* Messenger */,
			);
		};
/* End PBXProject section */

/* Begin PBXResourcesBuildPhase section */
		D1C2E144292720B400DDA8CD /* Resources */ = {
			isa = PBXResourcesBuildPhase;
			buildActionMask = 2147483647;
			files = (
				D1C2E156292720B500DDA8CD /* LaunchScreen.storyboard in Resources */,
				D1C2E153292720B500DDA8CD /* Assets.xcassets in Resources */,
				D1C2E151292720B400DDA8CD /* Main.storyboard in Resources */,
				D1A168542927E95100421F61 /* GoogleService-Info.plist in Resources */,
			);
			runOnlyForDeploymentPostprocessing = 0;
		};
/* End PBXResourcesBuildPhase section */

/* Begin PBXShellScriptBuildPhase section */
		0FE5BC662469F14BA63332C2 /* [CP] Embed Pods Frameworks */ = {
			isa = PBXShellScriptBuildPhase;
			buildActionMask = 2147483647;
			files = (
			);
			inputFileListPaths = (
				"${PODS_ROOT}/Target Support Files/Pods-Messenger/Pods-Messenger-frameworks-${CONFIGURATION}-input-files.xcfilelist",
			);
			name = "[CP] Embed Pods Frameworks";
			outputFileListPaths = (
				"${PODS_ROOT}/Target Support Files/Pods-Messenger/Pods-Messenger-frameworks-${CONFIGURATION}-output-files.xcfilelist",
			);
			runOnlyForDeploymentPostprocessing = 0;
			shellPath = /bin/sh;
			shellScript = "\"${PODS_ROOT}/Target Support Files/Pods-Messenger/Pods-Messenger-frameworks.sh\"\n";
			showEnvVarsInLog = 0;
		};
		248A776CC82126BA6393B965 /* [CP] Check Pods Manifest.lock */ = {
			isa = PBXShellScriptBuildPhase;
			buildActionMask = 2147483647;
			files = (
			);
			inputFileListPaths = (
			);
			inputPaths = (
				"${PODS_PODFILE_DIR_PATH}/Podfile.lock",
				"${PODS_ROOT}/Manifest.lock",
			);
			name = "[CP] Check Pods Manifest.lock";
			outputFileListPaths = (
			);
			outputPaths = (
				"$(DERIVED_FILE_DIR)/Pods-Messenger-checkManifestLockResult.txt",
			);
			runOnlyForDeploymentPostprocessing = 0;
			shellPath = /bin/sh;
			shellScript = "diff \"${PODS_PODFILE_DIR_PATH}/Podfile.lock\" \"${PODS_ROOT}/Manifest.lock\" > /dev/null\nif [ $? != 0 ] ; then\n    # print error to STDERR\n    echo \"error: The sandbox is not in sync with the Podfile.lock. Run 'pod install' or update your CocoaPods installation.\" >&2\n    exit 1\nfi\n# This output is used by Xcode 'outputs' to avoid re-running this script phase.\necho \"SUCCESS\" > \"${SCRIPT_OUTPUT_FILE_0}\"\n";
			showEnvVarsInLog = 0;
		};
/* End PBXShellScriptBuildPhase section */

/* Begin PBXSourcesBuildPhase section */
		D1C2E142292720B400DDA8CD /* Sources */ = {
			isa = PBXSourcesBuildPhase;
			buildActionMask = 2147483647;
			files = (
				D1C2E16429272A0100DDA8CD /* LoginViewController.swift in Sources */,
				D1CC35AC2980F7D600E70840 /* NewConversationCell.swift in Sources */,
				D1A168562928149A00421F61 /* DatabaseManager.swift in Sources */,
				D1C2E16629272A0F00DDA8CD /* RegisterViewController.swift in Sources */,
				D1C2E16F29272A6700DDA8CD /* NewConversationViewController.swift in Sources */,
				D1C2E14E292720B400DDA8CD /* ConversationsViewController.swift in Sources */,
				D1C2E16D29272A5B00DDA8CD /* PhotoViewerViewController.swift in Sources */,
				D1C2E174292749E100DDA8CD /* Extensions.swift in Sources */,
				D1C2E16B29272A5000DDA8CD /* VideoPlayerViewController.swift in Sources */,
				D1C2E17129272A7B00DDA8CD /* ProfileViewController.swift in Sources */,
				D1C2E14A292720B400DDA8CD /* AppDelegate.swift in Sources */,
				D17FF06C292DE9B300E4B860 /* ConversationTableViewCell.swift in Sources */,
				D17AC8AC292B5C6D00A9B29F /* ChatViewController.swift in Sources */,
				D1C2E14C292720B400DDA8CD /* SceneDelegate.swift in Sources */,
				D1135606292B65A600F2327D /* StorageManager.swift in Sources */,
				D14ECE8E2982594000A9B00C /* MapViewController.swift in Sources */,
			);
			runOnlyForDeploymentPostprocessing = 0;
		};
/* End PBXSourcesBuildPhase section */

/* Begin PBXVariantGroup section */
		D1C2E14F292720B400DDA8CD /* Main.storyboard */ = {
			isa = PBXVariantGroup;
			children = (
				D1C2E150292720B400DDA8CD /* Base */,
			);
			name = Main.storyboard;
			sourceTree = "<group>";
		};
		D1C2E154292720B500DDA8CD /* LaunchScreen.storyboard */ = {
			isa = PBXVariantGroup;
			children = (
				D1C2E155292720B500DDA8CD /* Base */,
			);
			name = LaunchScreen.storyboard;
			sourceTree = "<group>";
		};
/* End PBXVariantGroup section */

/* Begin XCBuildConfiguration section */
		D1C2E158292720B500DDA8CD /* Debug */ = {
			isa = XCBuildConfiguration;
			buildSettings = {
				ALWAYS_SEARCH_USER_PATHS = NO;
				CLANG_ANALYZER_NONNULL = YES;
				CLANG_ANALYZER_NUMBER_OBJECT_CONVERSION = YES_AGGRESSIVE;
				CLANG_CXX_LANGUAGE_STANDARD = "gnu++20";
				CLANG_ENABLE_MODULES = YES;
				CLANG_ENABLE_OBJC_ARC = YES;
				CLANG_ENABLE_OBJC_WEAK = YES;
				CLANG_WARN_BLOCK_CAPTURE_AUTORELEASING = YES;
				CLANG_WARN_BOOL_CONVERSION = YES;
				CLANG_WARN_COMMA = YES;
				CLANG_WARN_CONSTANT_CONVERSION = YES;
				CLANG_WARN_DEPRECATED_OBJC_IMPLEMENTATIONS = YES;
				CLANG_WARN_DIRECT_OBJC_ISA_USAGE = YES_ERROR;
				CLANG_WARN_DOCUMENTATION_COMMENTS = YES;
				CLANG_WARN_EMPTY_BODY = YES;
				CLANG_WARN_ENUM_CONVERSION = YES;
				CLANG_WARN_INFINITE_RECURSION = YES;
				CLANG_WARN_INT_CONVERSION = YES;
				CLANG_WARN_NON_LITERAL_NULL_CONVERSION = YES;
				CLANG_WARN_OBJC_IMPLICIT_RETAIN_SELF = YES;
				CLANG_WARN_OBJC_LITERAL_CONVERSION = YES;
				CLANG_WARN_OBJC_ROOT_CLASS = YES_ERROR;
				CLANG_WARN_QUOTED_INCLUDE_IN_FRAMEWORK_HEADER = YES;
				CLANG_WARN_RANGE_LOOP_ANALYSIS = YES;
				CLANG_WARN_STRICT_PROTOTYPES = YES;
				CLANG_WARN_SUSPICIOUS_MOVE = YES;
				CLANG_WARN_UNGUARDED_AVAILABILITY = YES_AGGRESSIVE;
				CLANG_WARN_UNREACHABLE_CODE = YES;
				CLANG_WARN__DUPLICATE_METHOD_MATCH = YES;
				COPY_PHASE_STRIP = NO;
				DEBUG_INFORMATION_FORMAT = dwarf;
				ENABLE_STRICT_OBJC_MSGSEND = YES;
				ENABLE_TESTABILITY = YES;
				GCC_C_LANGUAGE_STANDARD = gnu11;
				GCC_DYNAMIC_NO_PIC = NO;
				GCC_NO_COMMON_BLOCKS = YES;
				GCC_OPTIMIZATION_LEVEL = 0;
				GCC_PREPROCESSOR_DEFINITIONS = (
					"DEBUG=1",
					"$(inherited)",
				);
				GCC_WARN_64_TO_32_BIT_CONVERSION = YES;
				GCC_WARN_ABOUT_RETURN_TYPE = YES_ERROR;
				GCC_WARN_UNDECLARED_SELECTOR = YES;
				GCC_WARN_UNINITIALIZED_AUTOS = YES_AGGRESSIVE;
				GCC_WARN_UNUSED_FUNCTION = YES;
				GCC_WARN_UNUSED_VARIABLE = YES;
				IPHONEOS_DEPLOYMENT_TARGET = 16.1;
				MTL_ENABLE_DEBUG_INFO = INCLUDE_SOURCE;
				MTL_FAST_MATH = YES;
				ONLY_ACTIVE_ARCH = YES;
				SDKROOT = iphoneos;
				SWIFT_ACTIVE_COMPILATION_CONDITIONS = DEBUG;
				SWIFT_OPTIMIZATION_LEVEL = "-Onone";
			};
			name = Debug;
		};
		D1C2E159292720B500DDA8CD /* Release */ = {
			isa = XCBuildConfiguration;
			buildSettings = {
				ALWAYS_SEARCH_USER_PATHS = NO;
				CLANG_ANALYZER_NONNULL = YES;
				CLANG_ANALYZER_NUMBER_OBJECT_CONVERSION = YES_AGGRESSIVE;
				CLANG_CXX_LANGUAGE_STANDARD = "gnu++20";
				CLANG_ENABLE_MODULES = YES;
				CLANG_ENABLE_OBJC_ARC = YES;
				CLANG_ENABLE_OBJC_WEAK = YES;
				CLANG_WARN_BLOCK_CAPTURE_AUTORELEASING = YES;
				CLANG_WARN_BOOL_CONVERSION = YES;
				CLANG_WARN_COMMA = YES;
				CLANG_WARN_CONSTANT_CONVERSION = YES;
				CLANG_WARN_DEPRECATED_OBJC_IMPLEMENTATIONS = YES;
				CLANG_WARN_DIRECT_OBJC_ISA_USAGE = YES_ERROR;
				CLANG_WARN_DOCUMENTATION_COMMENTS = YES;
				CLANG_WARN_EMPTY_BODY = YES;
				CLANG_WARN_ENUM_CONVERSION = YES;
				CLANG_WARN_INFINITE_RECURSION = YES;
				CLANG_WARN_INT_CONVERSION = YES;
				CLANG_WARN_NON_LITERAL_NULL_CONVERSION = YES;
				CLANG_WARN_OBJC_IMPLICIT_RETAIN_SELF = YES;
				CLANG_WARN_OBJC_LITERAL_CONVERSION = YES;
				CLANG_WARN_OBJC_ROOT_CLASS = YES_ERROR;
				CLANG_WARN_QUOTED_INCLUDE_IN_FRAMEWORK_HEADER = YES;
				CLANG_WARN_RANGE_LOOP_ANALYSIS = YES;
				CLANG_WARN_STRICT_PROTOTYPES = YES;
				CLANG_WARN_SUSPICIOUS_MOVE = YES;
				CLANG_WARN_UNGUARDED_AVAILABILITY = YES_AGGRESSIVE;
				CLANG_WARN_UNREACHABLE_CODE = YES;
				CLANG_WARN__DUPLICATE_METHOD_MATCH = YES;
				COPY_PHASE_STRIP = NO;
				DEBUG_INFORMATION_FORMAT = "dwarf-with-dsym";
				ENABLE_NS_ASSERTIONS = NO;
				ENABLE_STRICT_OBJC_MSGSEND = YES;
				GCC_C_LANGUAGE_STANDARD = gnu11;
				GCC_NO_COMMON_BLOCKS = YES;
				GCC_WARN_64_TO_32_BIT_CONVERSION = YES;
				GCC_WARN_ABOUT_RETURN_TYPE = YES_ERROR;
				GCC_WARN_UNDECLARED_SELECTOR = YES;
				GCC_WARN_UNINITIALIZED_AUTOS = YES_AGGRESSIVE;
				GCC_WARN_UNUSED_FUNCTION = YES;
				GCC_WARN_UNUSED_VARIABLE = YES;
				IPHONEOS_DEPLOYMENT_TARGET = 16.1;
				MTL_ENABLE_DEBUG_INFO = NO;
				MTL_FAST_MATH = YES;
				SDKROOT = iphoneos;
				SWIFT_COMPILATION_MODE = wholemodule;
				SWIFT_OPTIMIZATION_LEVEL = "-O";
				VALIDATE_PRODUCT = YES;
			};
			name = Release;
		};
		D1C2E15B292720B500DDA8CD /* Debug */ = {
			isa = XCBuildConfiguration;
			baseConfigurationReference = 120848ACEC18918B6DD27B26 /* Pods-Messenger.debug.xcconfig */;
			buildSettings = {
				ASSETCATALOG_COMPILER_APPICON_NAME = AppIcon;
				ASSETCATALOG_COMPILER_GLOBAL_ACCENT_COLOR_NAME = AccentColor;
				CODE_SIGN_STYLE = Automatic;
				CURRENT_PROJECT_VERSION = 1;
				DEVELOPMENT_TEAM = HW53TJ4K2G;
				GENERATE_INFOPLIST_FILE = YES;
				INFOPLIST_FILE = Messenger/Info.plist;
				INFOPLIST_KEY_NSCameraUsageDescription = "Please allow access to take photos";
				INFOPLIST_KEY_NSMicrophoneUsageDescription = "Please allow access to upload photos";
				INFOPLIST_KEY_NSPhotoLibraryUsageDescription = "Please allow access to upload photos";
				INFOPLIST_KEY_UIApplicationSupportsIndirectInputEvents = YES;
				INFOPLIST_KEY_UILaunchStoryboardName = LaunchScreen;
				INFOPLIST_KEY_UIMainStoryboardFile = Main;
				INFOPLIST_KEY_UISupportedInterfaceOrientations = UIInterfaceOrientationPortrait;
				LD_RUNPATH_SEARCH_PATHS = (
					"$(inherited)",
					"@executable_path/Frameworks",
				);
				MARKETING_VERSION = 1.0;
				PRODUCT_BUNDLE_IDENTIFIER = com.JackWalker.Messenger;
				PRODUCT_NAME = "$(TARGET_NAME)";
				SWIFT_EMIT_LOC_STRINGS = YES;
				SWIFT_VERSION = 5.0;
				TARGETED_DEVICE_FAMILY = "1,2";
			};
			name = Debug;
		};
		D1C2E15C292720B500DDA8CD /* Release */ = {
			isa = XCBuildConfiguration;
			baseConfigurationReference = A25436A00F3472525800E804 /* Pods-Messenger.release.xcconfig */;
			buildSettings = {
				ASSETCATALOG_COMPILER_APPICON_NAME = AppIcon;
				ASSETCATALOG_COMPILER_GLOBAL_ACCENT_COLOR_NAME = AccentColor;
				CODE_SIGN_STYLE = Automatic;
				CURRENT_PROJECT_VERSION = 1;
				DEVELOPMENT_TEAM = HW53TJ4K2G;
				GENERATE_INFOPLIST_FILE = YES;
				INFOPLIST_FILE = Messenger/Info.plist;
				INFOPLIST_KEY_NSCameraUsageDescription = "Please allow access to take photos";
				INFOPLIST_KEY_NSMicrophoneUsageDescription = "Please allow access to upload photos";
				INFOPLIST_KEY_NSPhotoLibraryUsageDescription = "Please allow access to upload photos";
				INFOPLIST_KEY_UIApplicationSupportsIndirectInputEvents = YES;
				INFOPLIST_KEY_UILaunchStoryboardName = LaunchScreen;
				INFOPLIST_KEY_UIMainStoryboardFile = Main;
				INFOPLIST_KEY_UISupportedInterfaceOrientations = UIInterfaceOrientationPortrait;
				LD_RUNPATH_SEARCH_PATHS = (
					"$(inherited)",
					"@executable_path/Frameworks",
				);
				MARKETING_VERSION = 1.0;
				PRODUCT_BUNDLE_IDENTIFIER = com.JackWalker.Messenger;
				PRODUCT_NAME = "$(TARGET_NAME)";
				SWIFT_EMIT_LOC_STRINGS = YES;
				SWIFT_VERSION = 5.0;
				TARGETED_DEVICE_FAMILY = "1,2";
			};
			name = Release;
		};
/* End XCBuildConfiguration section */

/* Begin XCConfigurationList section */
		D1C2E141292720B400DDA8CD /* Build configuration list for PBXProject "Messenger" */ = {
			isa = XCConfigurationList;
			buildConfigurations = (
				D1C2E158292720B500DDA8CD /* Debug */,
				D1C2E159292720B500DDA8CD /* Release */,
			);
			defaultConfigurationIsVisible = 0;
			defaultConfigurationName = Release;
		};
		D1C2E15A292720B500DDA8CD /* Build configuration list for PBXNativeTarget "Messenger" */ = {
			isa = XCConfigurationList;
			buildConfigurations = (
				D1C2E15B292720B500DDA8CD /* Debug */,
				D1C2E15C292720B500DDA8CD /* Release */,
			);
			defaultConfigurationIsVisible = 0;
			defaultConfigurationName = Release;
		};
/* End XCConfigurationList section */
	};
	rootObject = D1C2E13E292720B400DDA8CD /* Project object */;
}
